
Microsoft Visual Studio Solution File, Format Version 12.00
# Visual Studio Version 16
VisualStudioVersion = 16.0.29609.76
MinimumVisualStudioVersion = 10.0.40219.1
Project("{FAE04EC0-301F-11D3-BF4B-00C04F79EFBC}") = "MvcMovie", "MvcMovie.csproj", "{CA8CBFE5-8294-4610-A3A3-44E77D79A273}"
EndProject
Global
	GlobalSection(SolutionConfigurationPlatforms) = preSolution
		Debug|Any CPU = Debug|Any CPU
		Release|Any CPU = Release|Any CPU
	EndGlobalSection
	GlobalSection(ProjectConfigurationPlatforms) = postSolution
		{CA8CBFE5-8294-4610-A3A3-44E77D79A273}.Debug|Any CPU.ActiveCfg = Debug|Any CPU
		{CA8CBFE5-8294-4610-A3A3-44E77D79A273}.Debug|Any CPU.Build.0 = Debug|Any CPU
		{CA8CBFE5-8294-4610-A3A3-44E77D79A273}.Release|Any CPU.ActiveCfg = Release|Any CPU
		{CA8CBFE5-8294-4610-A3A3-44E77D79A273}.Release|Any CPU.Build.0 = Release|Any CPU
	EndGlobalSection
	GlobalSection(SolutionProperties) = preSolution
		HideSolutionNode = FALSE
	EndGlobalSection
	GlobalSection(ExtensibilityGlobals) = postSolution
		SolutionGuid = {C70835E4-3EEC-4FC2-8254-184725FB82DD}
	EndGlobalSection
EndGlobal
